# This file was autogenerated by Stack.
# You should not edit this file by hand.
# For more information, please see the documentation at:
#   https://docs.haskellstack.org/en/stable/lock_files

packages:
- completed:
    hackage: Yampa-0.13.3@sha256:44319b7cd2a54094b19c78515a8a8f174b96d674835ce7658dbf45a11448b327,6332
    pantry-tree:
      size: 4039
      sha256: 1311995e61b3cc9ccb8d685975ce6e7d485cc4bc782299dee8a834188f564a00
  original:
    hackage: Yampa-0.13.3
- completed:
    hackage: sdl2-2.5.3.2@sha256:48407caeb197ecd380c7a5040b32057649190c2c465af000f8bf439909171b58,11676
    pantry-tree:
      size: 6573
      sha256: ff9686921a53ff7b84b2782eb1357d4d224aa24394c87940932f3c99c884f64d
  original:
    hackage: sdl2-2.5.3.2
- completed:
    hackage: cairo-canvas-0.1.0.0@sha256:c9d3e5e9aabc1b261c9ce97e9ea53b8a8d9b743ca0e9b0502521569ed98fa40a,1721
    pantry-tree:
      size: 292
      sha256: 65f593d28fb5cb7597694bbcaf1e48de4092024e42dfe1b25fda41fc9a22b9ee
  original:
    hackage: cairo-canvas-0.1.0.0@sha256:c9d3e5e9aabc1b261c9ce97e9ea53b8a8d9b743ca0e9b0502521569ed98fa40a,1721
- completed:
    hackage: sdl2-cairo-0.2@sha256:f4136fe6ffa5f625725ef43391178bfb59c40eeaf985d78fba16e594d6f9dc08,1134
    pantry-tree:
      size: 211
      sha256: 1386db4b3a942d7ca4c2215e2662537d1312ebfa9087b79f5430dca94547af39
  original:
    hackage: sdl2-cairo-0.2@sha256:f4136fe6ffa5f625725ef43391178bfb59c40eeaf985d78fba16e594d6f9dc08,1134
- completed:
    hackage: cairo-0.13.8.2@sha256:ef1709c3c4d2c6d68a9a51d9f220dccc0745f6468d2d0868c15a7ecdf8f325a1,4078
    pantry-tree:
      size: 2830
      sha256: d6a9b3a15bc2e7b53fda331279cfdbc299fbf0c4be2ee8c1b6b79b924b6fdeb4
  original:
    hackage: cairo-0.13.8.2@sha256:ef1709c3c4d2c6d68a9a51d9f220dccc0745f6468d2d0868c15a7ecdf8f325a1,4078
- completed:
    hackage: gtk2hs-buildtools-0.13.8.3@sha256:207229eee7abff12aba2740b32131522086275e46f2e72a0f5bbc3cb781e9d4d,5304
    pantry-tree:
      size: 3588
      sha256: 1f93c6dbf2573503c48019fdf9f4662dcac494beaecccaea1873ec901eb2152f
  original:
    hackage: gtk2hs-buildtools-0.13.8.3@sha256:207229eee7abff12aba2740b32131522086275e46f2e72a0f5bbc3cb781e9d4d,5304
snapshots:
- completed:
    size: 586286
    url: https://raw.githubusercontent.com/commercialhaskell/stackage-snapshots/master/lts/18/16.yaml
    sha256: cdead65fca0323144b346c94286186f4969bf85594d649c49c7557295675d8a5
  original: lts-18.16
