# This file was autogenerated by Stack.
# You should not edit this file by hand.
# For more information, please see the documentation at:
#   https://docs.haskellstack.org/en/stable/lock_files

packages:
- completed:
    hackage: Yampa-0.13.3@sha256:44319b7cd2a54094b19c78515a8a8f174b96d674835ce7658dbf45a11448b327,6332
    pantry-tree:
      size: 4039
      sha256: 1311995e61b3cc9ccb8d685975ce6e7d485cc4bc782299dee8a834188f564a00
  original:
    hackage: Yampa-0.13.3
- completed:
    hackage: aeson-tiled-0.0.1.0@sha256:2d7e85e9a3c20ba5b2c9acad84a3d48e5d84dfdd221c1da6dbe815aed1c81839,1697
    pantry-tree:
      size: 495
      sha256: 20c38242b529b30e5d234aad9224f2aa41cbc4fa9ae99b3abdb242f79c09d3dd
  original:
    hackage: aeson-tiled-0.0.1.0
snapshots:
- completed:
    size: 586286
    url: https://raw.githubusercontent.com/commercialhaskell/stackage-snapshots/master/lts/18/16.yaml
    sha256: cdead65fca0323144b346c94286186f4969bf85594d649c49c7557295675d8a5
  original: lts-18.16
